// !$*UTF8*$!
{
	archiveVersion = 1;
	classes = {
	};
	objectVersion = 46;
	objects = {

/* Begin PBXBuildFile section */
		2413F2111F0D7704000FA94D /* ShowImagesCollectionViewCell.swift in Sources */ = {isa = PBXBuildFile; fileRef = 2413F2101F0D7704000FA94D /* ShowImagesCollectionViewCell.swift */; };
		24211C251F0AF22500E3317A /* ImageAnnotation.swift in Sources */ = {isa = PBXBuildFile; fileRef = 24211C241F0AF22500E3317A /* ImageAnnotation.swift */; };
		24211C3F1F0C5AD300E3317A /* ShowImagesCollectionViewController.swift in Sources */ = {isa = PBXBuildFile; fileRef = 24211C3E1F0C5AD300E3317A /* ShowImagesCollectionViewController.swift */; };
		244E6CE81F0F504400EBF55D /* ShowImageDetailViewController.swift in Sources */ = {isa = PBXBuildFile; fileRef = 244E6CE71F0F504400EBF55D /* ShowImageDetailViewController.swift */; };
		244E6CEC1F10252600EBF55D /* Main.storyboard in Resources */ = {isa = PBXBuildFile; fileRef = 244E6CEB1F10252600EBF55D /* Main.storyboard */; };
		244E6CF31F10BC0500EBF55D /* AddAnnotationViewControllerExtension.swift in Sources */ = {isa = PBXBuildFile; fileRef = 244E6CF21F10BC0500EBF55D /* AddAnnotationViewControllerExtension.swift */; };
		245DBA171F046C1C00CDE0C0 /* AppDelegate.swift in Sources */ = {isa = PBXBuildFile; fileRef = 245DBA161F046C1C00CDE0C0 /* AppDelegate.swift */; };
		245DBA1E1F046C1C00CDE0C0 /* Assets.xcassets in Resources */ = {isa = PBXBuildFile; fileRef = 245DBA1D1F046C1C00CDE0C0 /* Assets.xcassets */; };
		245DBA211F046C1C00CDE0C0 /* LaunchScreen.storyboard in Resources */ = {isa = PBXBuildFile; fileRef = 245DBA1F1F046C1C00CDE0C0 /* LaunchScreen.storyboard */; };
		245DBA2C1F046C1C00CDE0C0 /* Virtual_TouristTests.swift in Sources */ = {isa = PBXBuildFile; fileRef = 245DBA2B1F046C1C00CDE0C0 /* Virtual_TouristTests.swift */; };
		245DBA371F046C1C00CDE0C0 /* Virtual_TouristUITests.swift in Sources */ = {isa = PBXBuildFile; fileRef = 245DBA361F046C1C00CDE0C0 /* Virtual_TouristUITests.swift */; };
		245DBA461F046F8E00CDE0C0 /* MapKit.framework in Frameworks */ = {isa = PBXBuildFile; fileRef = 245DBA451F046F8E00CDE0C0 /* MapKit.framework */; };
		24617F821F083514001C433F /* AddImageCollectionViewCell.swift in Sources */ = {isa = PBXBuildFile; fileRef = 24617F811F083514001C433F /* AddImageCollectionViewCell.swift */; };
		24617F891F097DF1001C433F /* Model.xcdatamodeld in Sources */ = {isa = PBXBuildFile; fileRef = 24617F871F097DF1001C433F /* Model.xcdatamodeld */; };
		24617F8B1F0988FD001C433F /* CoreDataStack.swift in Sources */ = {isa = PBXBuildFile; fileRef = 24617F8A1F0988FD001C433F /* CoreDataStack.swift */; };
		24617FA01F098B9B001C433F /* Annotation.swift in Sources */ = {isa = PBXBuildFile; fileRef = 24617F9C1F098B9B001C433F /* Annotation.swift */; };
		24617FA21F098B9B001C433F /* Image.swift in Sources */ = {isa = PBXBuildFile; fileRef = 24617F9E1F098B9B001C433F /* Image.swift */; };
		24617FA61F09AAD1001C433F /* TableViewController.swift in Sources */ = {isa = PBXBuildFile; fileRef = 24617FA51F09AAD1001C433F /* TableViewController.swift */; };
		24617FA81F09AB01001C433F /* TableViewCell.swift in Sources */ = {isa = PBXBuildFile; fileRef = 24617FA71F09AB01001C433F /* TableViewCell.swift */; };
		24617FAE1F09B1E1001C433F /* CoreDataTableViewController.swift in Sources */ = {isa = PBXBuildFile; fileRef = 24617FAD1F09B1E1001C433F /* CoreDataTableViewController.swift */; };
		24739BF71F05E22D008F05FE /* MapViewController.swift in Sources */ = {isa = PBXBuildFile; fileRef = 24739BF61F05E22D008F05FE /* MapViewController.swift */; };
		24739BF91F06D1F9008F05FE /* AddImagesCollectionViewController.swift in Sources */ = {isa = PBXBuildFile; fileRef = 24739BF81F06D1F9008F05FE /* AddImagesCollectionViewController.swift */; };
		24739BFC1F06DD3A008F05FE /* FlickrConstant.swift in Sources */ = {isa = PBXBuildFile; fileRef = 24739BFB1F06DD3A008F05FE /* FlickrConstant.swift */; };
		24739BFE1F06E841008F05FE /* FlickrClient.swift in Sources */ = {isa = PBXBuildFile; fileRef = 24739BFD1F06E841008F05FE /* FlickrClient.swift */; };
		24FF56781F1324DC003C9B58 /* CoreDataDownloadImage.swift in Sources */ = {isa = PBXBuildFile; fileRef = 24FF56771F1324DC003C9B58 /* CoreDataDownloadImage.swift */; };
		24FF56811F145C21003C9B58 /* Annotation+CoreDataProperties.swift in Sources */ = {isa = PBXBuildFile; fileRef = 24FF567D1F145C21003C9B58 /* Annotation+CoreDataProperties.swift */; };
		24FF56831F145C21003C9B58 /* Image+CoreDataProperties.swift in Sources */ = {isa = PBXBuildFile; fileRef = 24FF567F1F145C21003C9B58 /* Image+CoreDataProperties.swift */; };
		24FF579D1F1710DC003C9B58 /* HttpRequest.swift in Sources */ = {isa = PBXBuildFile; fileRef = 24FF579C1F1710DC003C9B58 /* HttpRequest.swift */; };
/* End PBXBuildFile section */

/* Begin PBXContainerItemProxy section */
		245DBA281F046C1C00CDE0C0 /* PBXContainerItemProxy */ = {
			isa = PBXContainerItemProxy;
			containerPortal = 245DBA0B1F046C1C00CDE0C0 /* Project object */;
			proxyType = 1;
			remoteGlobalIDString = 245DBA121F046C1C00CDE0C0;
			remoteInfo = "Virtual Tourist";
		};
		245DBA331F046C1C00CDE0C0 /* PBXContainerItemProxy */ = {
			isa = PBXContainerItemProxy;
			containerPortal = 245DBA0B1F046C1C00CDE0C0 /* Project object */;
			proxyType = 1;
			remoteGlobalIDString = 245DBA121F046C1C00CDE0C0;
			remoteInfo = "Virtual Tourist";
		};
/* End PBXContainerItemProxy section */

/* Begin PBXFileReference section */
		2413F2101F0D7704000FA94D /* ShowImagesCollectionViewCell.swift */ = {isa = PBXFileReference; fileEncoding = 4; lastKnownFileType = sourcecode.swift; path = ShowImagesCollectionViewCell.swift; sourceTree = "<group>"; };
		24211C241F0AF22500E3317A /* ImageAnnotation.swift */ = {isa = PBXFileReference; fileEncoding = 4; lastKnownFileType = sourcecode.swift; path = ImageAnnotation.swift; sourceTree = "<group>"; };
		24211C361F0AF8F800E3317A /* Model 2.xcdatamodel */ = {isa = PBXFileReference; lastKnownFileType = wrapper.xcdatamodel; path = "Model 2.xcdatamodel"; sourceTree = "<group>"; };
		24211C3E1F0C5AD300E3317A /* ShowImagesCollectionViewController.swift */ = {isa = PBXFileReference; fileEncoding = 4; lastKnownFileType = sourcecode.swift; path = ShowImagesCollectionViewController.swift; sourceTree = "<group>"; };
		244E6CE71F0F504400EBF55D /* ShowImageDetailViewController.swift */ = {isa = PBXFileReference; fileEncoding = 4; lastKnownFileType = sourcecode.swift; path = ShowImageDetailViewController.swift; sourceTree = "<group>"; };
		244E6CEB1F10252600EBF55D /* Main.storyboard */ = {isa = PBXFileReference; fileEncoding = 4; lastKnownFileType = file.storyboard; path = Main.storyboard; sourceTree = "<group>"; };
		244E6CF21F10BC0500EBF55D /* AddAnnotationViewControllerExtension.swift */ = {isa = PBXFileReference; fileEncoding = 4; lastKnownFileType = sourcecode.swift; path = AddAnnotationViewControllerExtension.swift; sourceTree = "<group>"; };
		244E6CF41F10C50500EBF55D /* Model 3.xcdatamodel */ = {isa = PBXFileReference; lastKnownFileType = wrapper.xcdatamodel; path = "Model 3.xcdatamodel"; sourceTree = "<group>"; };
		245DBA131F046C1C00CDE0C0 /* Virtual Tourist.app */ = {isa = PBXFileReference; explicitFileType = wrapper.application; includeInIndex = 0; path = "Virtual Tourist.app"; sourceTree = BUILT_PRODUCTS_DIR; };
		245DBA161F046C1C00CDE0C0 /* AppDelegate.swift */ = {isa = PBXFileReference; lastKnownFileType = sourcecode.swift; path = AppDelegate.swift; sourceTree = "<group>"; };
		245DBA1D1F046C1C00CDE0C0 /* Assets.xcassets */ = {isa = PBXFileReference; lastKnownFileType = folder.assetcatalog; path = Assets.xcassets; sourceTree = "<group>"; };
		245DBA201F046C1C00CDE0C0 /* Base */ = {isa = PBXFileReference; lastKnownFileType = file.storyboard; name = Base; path = Base.lproj/LaunchScreen.storyboard; sourceTree = "<group>"; };
		245DBA221F046C1C00CDE0C0 /* Info.plist */ = {isa = PBXFileReference; lastKnownFileType = text.plist.xml; path = Info.plist; sourceTree = "<group>"; };
		245DBA271F046C1C00CDE0C0 /* Virtual TouristTests.xctest */ = {isa = PBXFileReference; explicitFileType = wrapper.cfbundle; includeInIndex = 0; path = "Virtual TouristTests.xctest"; sourceTree = BUILT_PRODUCTS_DIR; };
		245DBA2B1F046C1C00CDE0C0 /* Virtual_TouristTests.swift */ = {isa = PBXFileReference; lastKnownFileType = sourcecode.swift; path = Virtual_TouristTests.swift; sourceTree = "<group>"; };
		245DBA2D1F046C1C00CDE0C0 /* Info.plist */ = {isa = PBXFileReference; lastKnownFileType = text.plist.xml; path = Info.plist; sourceTree = "<group>"; };
		245DBA321F046C1C00CDE0C0 /* Virtual TouristUITests.xctest */ = {isa = PBXFileReference; explicitFileType = wrapper.cfbundle; includeInIndex = 0; path = "Virtual TouristUITests.xctest"; sourceTree = BUILT_PRODUCTS_DIR; };
		245DBA361F046C1C00CDE0C0 /* Virtual_TouristUITests.swift */ = {isa = PBXFileReference; lastKnownFileType = sourcecode.swift; path = Virtual_TouristUITests.swift; sourceTree = "<group>"; };
		245DBA381F046C1C00CDE0C0 /* Info.plist */ = {isa = PBXFileReference; lastKnownFileType = text.plist.xml; path = Info.plist; sourceTree = "<group>"; };
		245DBA451F046F8E00CDE0C0 /* MapKit.framework */ = {isa = PBXFileReference; lastKnownFileType = wrapper.framework; name = MapKit.framework; path = System/Library/Frameworks/MapKit.framework; sourceTree = SDKROOT; };
		24617F811F083514001C433F /* AddImageCollectionViewCell.swift */ = {isa = PBXFileReference; fileEncoding = 4; lastKnownFileType = sourcecode.swift; path = AddImageCollectionViewCell.swift; sourceTree = "<group>"; };
		24617F881F097DF1001C433F /* Model.xcdatamodel */ = {isa = PBXFileReference; lastKnownFileType = wrapper.xcdatamodel; path = Model.xcdatamodel; sourceTree = "<group>"; };
		24617F8A1F0988FD001C433F /* CoreDataStack.swift */ = {isa = PBXFileReference; fileEncoding = 4; lastKnownFileType = sourcecode.swift; path = CoreDataStack.swift; sourceTree = "<group>"; };
		24617F9C1F098B9B001C433F /* Annotation.swift */ = {isa = PBXFileReference; fileEncoding = 4; lastKnownFileType = sourcecode.swift; name = Annotation.swift; path = ../Annotation.swift; sourceTree = "<group>"; };
		24617F9E1F098B9B001C433F /* Image.swift */ = {isa = PBXFileReference; fileEncoding = 4; lastKnownFileType = sourcecode.swift; name = Image.swift; path = ../Image.swift; sourceTree = "<group>"; };
		24617FA51F09AAD1001C433F /* TableViewController.swift */ = {isa = PBXFileReference; fileEncoding = 4; lastKnownFileType = sourcecode.swift; path = TableViewController.swift; sourceTree = "<group>"; };
		24617FA71F09AB01001C433F /* TableViewCell.swift */ = {isa = PBXFileReference; fileEncoding = 4; lastKnownFileType = sourcecode.swift; path = TableViewCell.swift; sourceTree = "<group>"; };
		24617FAD1F09B1E1001C433F /* CoreDataTableViewController.swift */ = {isa = PBXFileReference; fileEncoding = 4; lastKnownFileType = sourcecode.swift; path = CoreDataTableViewController.swift; sourceTree = "<group>"; };
		24739BF61F05E22D008F05FE /* MapViewController.swift */ = {isa = PBXFileReference; fileEncoding = 4; lastKnownFileType = sourcecode.swift; path = MapViewController.swift; sourceTree = "<group>"; };
		24739BF81F06D1F9008F05FE /* AddImagesCollectionViewController.swift */ = {isa = PBXFileReference; fileEncoding = 4; lastKnownFileType = sourcecode.swift; path = AddImagesCollectionViewController.swift; sourceTree = "<group>"; };
		24739BFB1F06DD3A008F05FE /* FlickrConstant.swift */ = {isa = PBXFileReference; fileEncoding = 4; lastKnownFileType = sourcecode.swift; path = FlickrConstant.swift; sourceTree = "<group>"; };
		24739BFD1F06E841008F05FE /* FlickrClient.swift */ = {isa = PBXFileReference; fileEncoding = 4; lastKnownFileType = sourcecode.swift; path = FlickrClient.swift; sourceTree = "<group>"; };
		24FF56771F1324DC003C9B58 /* CoreDataDownloadImage.swift */ = {isa = PBXFileReference; fileEncoding = 4; lastKnownFileType = sourcecode.swift; path = CoreDataDownloadImage.swift; sourceTree = "<group>"; };
		24FF567B1F1448D4003C9B58 /* Model 4.xcdatamodel */ = {isa = PBXFileReference; lastKnownFileType = wrapper.xcdatamodel; path = "Model 4.xcdatamodel"; sourceTree = "<group>"; };
		24FF567D1F145C21003C9B58 /* Annotation+CoreDataProperties.swift */ = {isa = PBXFileReference; fileEncoding = 4; lastKnownFileType = sourcecode.swift; name = "Annotation+CoreDataProperties.swift"; path = "../Annotation+CoreDataProperties.swift"; sourceTree = "<group>"; };
		24FF567F1F145C21003C9B58 /* Image+CoreDataProperties.swift */ = {isa = PBXFileReference; fileEncoding = 4; lastKnownFileType = sourcecode.swift; name = "Image+CoreDataProperties.swift"; path = "../Image+CoreDataProperties.swift"; sourceTree = "<group>"; };
		24FF56841F15642B003C9B58 /* Model 5.xcdatamodel */ = {isa = PBXFileReference; lastKnownFileType = wrapper.xcdatamodel; path = "Model 5.xcdatamodel"; sourceTree = "<group>"; };
		24FF579C1F1710DC003C9B58 /* HttpRequest.swift */ = {isa = PBXFileReference; fileEncoding = 4; lastKnownFileType = sourcecode.swift; path = HttpRequest.swift; sourceTree = "<group>"; };
/* End PBXFileReference section */

/* Begin PBXFrameworksBuildPhase section */
		245DBA101F046C1C00CDE0C0 /* Frameworks */ = {
			isa = PBXFrameworksBuildPhase;
			buildActionMask = 2147483647;
			files = (
				245DBA461F046F8E00CDE0C0 /* MapKit.framework in Frameworks */,
			);
			runOnlyForDeploymentPostprocessing = 0;
		};
		245DBA241F046C1C00CDE0C0 /* Frameworks */ = {
			isa = PBXFrameworksBuildPhase;
			buildActionMask = 2147483647;
			files = (
			);
			runOnlyForDeploymentPostprocessing = 0;
		};
		245DBA2F1F046C1C00CDE0C0 /* Frameworks */ = {
			isa = PBXFrameworksBuildPhase;
			buildActionMask = 2147483647;
			files = (
			);
			runOnlyForDeploymentPostprocessing = 0;
		};
/* End PBXFrameworksBuildPhase section */

/* Begin PBXGroup section */
		24211C371F0B057A00E3317A /* CoreData */ = {
			isa = PBXGroup;
			children = (
				24617F8A1F0988FD001C433F /* CoreDataStack.swift */,
				24617F9C1F098B9B001C433F /* Annotation.swift */,
				24FF567D1F145C21003C9B58 /* Annotation+CoreDataProperties.swift */,
				24FF567F1F145C21003C9B58 /* Image+CoreDataProperties.swift */,
				24617F9E1F098B9B001C433F /* Image.swift */,
			);
			name = CoreData;
			sourceTree = "<group>";
		};
		24342E221F05CB9900C541DA /* Model */ = {
			isa = PBXGroup;
			children = (
				24211C371F0B057A00E3317A /* CoreData */,
				24739BFA1F06DD1F008F05FE /* Flickr */,
				24617FAD1F09B1E1001C433F /* CoreDataTableViewController.swift */,
				24FF56771F1324DC003C9B58 /* CoreDataDownloadImage.swift */,
				24617F871F097DF1001C433F /* Model.xcdatamodeld */,
				24FF579C1F1710DC003C9B58 /* HttpRequest.swift */,
			);
			name = Model;
			sourceTree = "<group>";
		};
		24342E231F05CBA100C541DA /* View */ = {
			isa = PBXGroup;
			children = (
				24211C241F0AF22500E3317A /* ImageAnnotation.swift */,
			);
			name = View;
			sourceTree = "<group>";
		};
		24342E241F05CBA800C541DA /* Controller */ = {
			isa = PBXGroup;
			children = (
				24739BF61F05E22D008F05FE /* MapViewController.swift */,
				24739BF81F06D1F9008F05FE /* AddImagesCollectionViewController.swift */,
				24617FA51F09AAD1001C433F /* TableViewController.swift */,
				24211C3E1F0C5AD300E3317A /* ShowImagesCollectionViewController.swift */,
				244E6CE71F0F504400EBF55D /* ShowImageDetailViewController.swift */,
				244E6CF11F10BBF000EBF55D /* Extension */,
				24617FA41F09AAB0001C433F /* Cells */,
			);
			name = Controller;
			sourceTree = "<group>";
		};
		244E6CF11F10BBF000EBF55D /* Extension */ = {
			isa = PBXGroup;
			children = (
				244E6CF21F10BC0500EBF55D /* AddAnnotationViewControllerExtension.swift */,
			);
			name = Extension;
			sourceTree = "<group>";
		};
		245DBA0A1F046C1C00CDE0C0 = {
			isa = PBXGroup;
			children = (
				245DBA151F046C1C00CDE0C0 /* Virtual Tourist */,
				245DBA2A1F046C1C00CDE0C0 /* Virtual TouristTests */,
				245DBA351F046C1C00CDE0C0 /* Virtual TouristUITests */,
				245DBA141F046C1C00CDE0C0 /* Products */,
				245DBA441F046F8E00CDE0C0 /* Frameworks */,
			);
			sourceTree = "<group>";
		};
		245DBA141F046C1C00CDE0C0 /* Products */ = {
			isa = PBXGroup;
			children = (
				245DBA131F046C1C00CDE0C0 /* Virtual Tourist.app */,
				245DBA271F046C1C00CDE0C0 /* Virtual TouristTests.xctest */,
				245DBA321F046C1C00CDE0C0 /* Virtual TouristUITests.xctest */,
			);
			name = Products;
			sourceTree = "<group>";
		};
		245DBA151F046C1C00CDE0C0 /* Virtual Tourist */ = {
			isa = PBXGroup;
			children = (
				245DBA161F046C1C00CDE0C0 /* AppDelegate.swift */,
				24617FA91F09AB7A001C433F /* Asset */,
				24342E221F05CB9900C541DA /* Model */,
				24342E231F05CBA100C541DA /* View */,
				24342E241F05CBA800C541DA /* Controller */,
				24617FAA1F09AE9A001C433F /* Supporting Files */,
				245DBA221F046C1C00CDE0C0 /* Info.plist */,
			);
			path = "Virtual Tourist";
			sourceTree = "<group>";
		};
		245DBA2A1F046C1C00CDE0C0 /* Virtual TouristTests */ = {
			isa = PBXGroup;
			children = (
				245DBA2B1F046C1C00CDE0C0 /* Virtual_TouristTests.swift */,
				245DBA2D1F046C1C00CDE0C0 /* Info.plist */,
			);
			path = "Virtual TouristTests";
			sourceTree = "<group>";
		};
		245DBA351F046C1C00CDE0C0 /* Virtual TouristUITests */ = {
			isa = PBXGroup;
			children = (
				245DBA361F046C1C00CDE0C0 /* Virtual_TouristUITests.swift */,
				245DBA381F046C1C00CDE0C0 /* Info.plist */,
			);
			path = "Virtual TouristUITests";
			sourceTree = "<group>";
		};
		245DBA441F046F8E00CDE0C0 /* Frameworks */ = {
			isa = PBXGroup;
			children = (
				245DBA451F046F8E00CDE0C0 /* MapKit.framework */,
			);
			name = Frameworks;
			sourceTree = "<group>";
		};
		24617FA41F09AAB0001C433F /* Cells */ = {
			isa = PBXGroup;
			children = (
				24617F811F083514001C433F /* AddImageCollectionViewCell.swift */,
				24617FA71F09AB01001C433F /* TableViewCell.swift */,
				2413F2101F0D7704000FA94D /* ShowImagesCollectionViewCell.swift */,
			);
			name = Cells;
			sourceTree = "<group>";
		};
		24617FA91F09AB7A001C433F /* Asset */ = {
			isa = PBXGroup;
			children = (
				245DBA1D1F046C1C00CDE0C0 /* Assets.xcassets */,
				244E6CEB1F10252600EBF55D /* Main.storyboard */,
				245DBA1F1F046C1C00CDE0C0 /* LaunchScreen.storyboard */,
			);
			name = Asset;
			sourceTree = "<group>";
		};
		24617FAA1F09AE9A001C433F /* Supporting Files */ = {
			isa = PBXGroup;
			children = (
			);
			name = "Supporting Files";
			sourceTree = "<group>";
		};
		24739BFA1F06DD1F008F05FE /* Flickr */ = {
			isa = PBXGroup;
			children = (
				24739BFB1F06DD3A008F05FE /* FlickrConstant.swift */,
				24739BFD1F06E841008F05FE /* FlickrClient.swift */,
			);
			name = Flickr;
			sourceTree = "<group>";
		};
/* End PBXGroup section */

/* Begin PBXNativeTarget section */
		245DBA121F046C1C00CDE0C0 /* Virtual Tourist */ = {
			isa = PBXNativeTarget;
			buildConfigurationList = 245DBA3B1F046C1C00CDE0C0 /* Build configuration list for PBXNativeTarget "Virtual Tourist" */;
			buildPhases = (
				245DBA0F1F046C1C00CDE0C0 /* Sources */,
				245DBA101F046C1C00CDE0C0 /* Frameworks */,
				245DBA111F046C1C00CDE0C0 /* Resources */,
			);
			buildRules = (
			);
			dependencies = (
			);
			name = "Virtual Tourist";
			productName = "Virtual Tourist";
			productReference = 245DBA131F046C1C00CDE0C0 /* Virtual Tourist.app */;
			productType = "com.apple.product-type.application";
		};
		245DBA261F046C1C00CDE0C0 /* Virtual TouristTests */ = {
			isa = PBXNativeTarget;
			buildConfigurationList = 245DBA3E1F046C1C00CDE0C0 /* Build configuration list for PBXNativeTarget "Virtual TouristTests" */;
			buildPhases = (
				245DBA231F046C1C00CDE0C0 /* Sources */,
				245DBA241F046C1C00CDE0C0 /* Frameworks */,
				245DBA251F046C1C00CDE0C0 /* Resources */,
			);
			buildRules = (
			);
			dependencies = (
				245DBA291F046C1C00CDE0C0 /* PBXTargetDependency */,
			);
			name = "Virtual TouristTests";
			productName = "Virtual TouristTests";
			productReference = 245DBA271F046C1C00CDE0C0 /* Virtual TouristTests.xctest */;
			productType = "com.apple.product-type.bundle.unit-test";
		};
		245DBA311F046C1C00CDE0C0 /* Virtual TouristUITests */ = {
			isa = PBXNativeTarget;
			buildConfigurationList = 245DBA411F046C1C00CDE0C0 /* Build configuration list for PBXNativeTarget "Virtual TouristUITests" */;
			buildPhases = (
				245DBA2E1F046C1C00CDE0C0 /* Sources */,
				245DBA2F1F046C1C00CDE0C0 /* Frameworks */,
				245DBA301F046C1C00CDE0C0 /* Resources */,
			);
			buildRules = (
			);
			dependencies = (
				245DBA341F046C1C00CDE0C0 /* PBXTargetDependency */,
			);
			name = "Virtual TouristUITests";
			productName = "Virtual TouristUITests";
			productReference = 245DBA321F046C1C00CDE0C0 /* Virtual TouristUITests.xctest */;
			productType = "com.apple.product-type.bundle.ui-testing";
		};
/* End PBXNativeTarget section */

/* Begin PBXProject section */
		245DBA0B1F046C1C00CDE0C0 /* Project object */ = {
			isa = PBXProject;
			attributes = {
				LastSwiftUpdateCheck = 0830;
				LastUpgradeCheck = 0830;
				ORGANIZATIONNAME = "Andrew Le";
				TargetAttributes = {
					245DBA121F046C1C00CDE0C0 = {
						CreatedOnToolsVersion = 8.3.3;
						DevelopmentTeam = Y692F89PT8;
						ProvisioningStyle = Automatic;
						SystemCapabilities = {
							com.apple.Maps.iOS = {
								enabled = 1;
							};
						};
					};
					245DBA261F046C1C00CDE0C0 = {
						CreatedOnToolsVersion = 8.3.3;
						DevelopmentTeam = Y692F89PT8;
						ProvisioningStyle = Automatic;
						TestTargetID = 245DBA121F046C1C00CDE0C0;
					};
					245DBA311F046C1C00CDE0C0 = {
						CreatedOnToolsVersion = 8.3.3;
						DevelopmentTeam = Y692F89PT8;
						ProvisioningStyle = Automatic;
						TestTargetID = 245DBA121F046C1C00CDE0C0;
					};
				};
			};
			buildConfigurationList = 245DBA0E1F046C1C00CDE0C0 /* Build configuration list for PBXProject "Virtual Tourist" */;
			compatibilityVersion = "Xcode 3.2";
			developmentRegion = English;
			hasScannedForEncodings = 0;
			knownRegions = (
				en,
				Base,
			);
			mainGroup = 245DBA0A1F046C1C00CDE0C0;
			productRefGroup = 245DBA141F046C1C00CDE0C0 /* Products */;
			projectDirPath = "";
			projectRoot = "";
			targets = (
				245DBA121F046C1C00CDE0C0 /* Virtual Tourist */,
				245DBA261F046C1C00CDE0C0 /* Virtual TouristTests */,
				245DBA311F046C1C00CDE0C0 /* Virtual TouristUITests */,
			);
		};
/* End PBXProject section */

/* Begin PBXResourcesBuildPhase section */
		245DBA111F046C1C00CDE0C0 /* Resources */ = {
			isa = PBXResourcesBuildPhase;
			buildActionMask = 2147483647;
			files = (
				244E6CEC1F10252600EBF55D /* Main.storyboard in Resources */,
				245DBA211F046C1C00CDE0C0 /* LaunchScreen.storyboard in Resources */,
				245DBA1E1F046C1C00CDE0C0 /* Assets.xcassets in Resources */,
			);
			runOnlyForDeploymentPostprocessing = 0;
		};
		245DBA251F046C1C00CDE0C0 /* Resources */ = {
			isa = PBXResourcesBuildPhase;
			buildActionMask = 2147483647;
			files = (
			);
			runOnlyForDeploymentPostprocessing = 0;
		};
		245DBA301F046C1C00CDE0C0 /* Resources */ = {
			isa = PBXResourcesBuildPhase;
			buildActionMask = 2147483647;
			files = (
			);
			runOnlyForDeploymentPostprocessing = 0;
		};
/* End PBXResourcesBuildPhase section */

/* Begin PBXSourcesBuildPhase section */
		245DBA0F1F046C1C00CDE0C0 /* Sources */ = {
			isa = PBXSourcesBuildPhase;
			buildActionMask = 2147483647;
			files = (
				24617FA01F098B9B001C433F /* Annotation.swift in Sources */,
				24FF56831F145C21003C9B58 /* Image+CoreDataProperties.swift in Sources */,
				24FF56781F1324DC003C9B58 /* CoreDataDownloadImage.swift in Sources */,
				24739BF91F06D1F9008F05FE /* AddImagesCollectionViewController.swift in Sources */,
				244E6CF31F10BC0500EBF55D /* AddAnnotationViewControllerExtension.swift in Sources */,
				2413F2111F0D7704000FA94D /* ShowImagesCollectionViewCell.swift in Sources */,
				244E6CE81F0F504400EBF55D /* ShowImageDetailViewController.swift in Sources */,
				24739BFC1F06DD3A008F05FE /* FlickrConstant.swift in Sources */,
				24211C3F1F0C5AD300E3317A /* ShowImagesCollectionViewController.swift in Sources */,
				24FF56811F145C21003C9B58 /* Annotation+CoreDataProperties.swift in Sources */,
				24617F821F083514001C433F /* AddImageCollectionViewCell.swift in Sources */,
				245DBA171F046C1C00CDE0C0 /* AppDelegate.swift in Sources */,
				24739BF71F05E22D008F05FE /* MapViewController.swift in Sources */,
				24617FAE1F09B1E1001C433F /* CoreDataTableViewController.swift in Sources */,
				24617F8B1F0988FD001C433F /* CoreDataStack.swift in Sources */,
				24739BFE1F06E841008F05FE /* FlickrClient.swift in Sources */,
				24617FA21F098B9B001C433F /* Image.swift in Sources */,
				24617FA61F09AAD1001C433F /* TableViewController.swift in Sources */,
				24617F891F097DF1001C433F /* Model.xcdatamodeld in Sources */,
				24FF579D1F1710DC003C9B58 /* HttpRequest.swift in Sources */,
				24617FA81F09AB01001C433F /* TableViewCell.swift in Sources */,
				24211C251F0AF22500E3317A /* ImageAnnotation.swift in Sources */,
			);
			runOnlyForDeploymentPostprocessing = 0;
		};
		245DBA231F046C1C00CDE0C0 /* Sources */ = {
			isa = PBXSourcesBuildPhase;
			buildActionMask = 2147483647;
			files = (
				245DBA2C1F046C1C00CDE0C0 /* Virtual_TouristTests.swift in Sources */,
			);
			runOnlyForDeploymentPostprocessing = 0;
		};
		245DBA2E1F046C1C00CDE0C0 /* Sources */ = {
			isa = PBXSourcesBuildPhase;
			buildActionMask = 2147483647;
			files = (
				245DBA371F046C1C00CDE0C0 /* Virtual_TouristUITests.swift in Sources */,
			);
			runOnlyForDeploymentPostprocessing = 0;
		};
/* End PBXSourcesBuildPhase section */

/* Begin PBXTargetDependency section */
		245DBA291F046C1C00CDE0C0 /* PBXTargetDependency */ = {
			isa = PBXTargetDependency;
			target = 245DBA121F046C1C00CDE0C0 /* Virtual Tourist */;
			targetProxy = 245DBA281F046C1C00CDE0C0 /* PBXContainerItemProxy */;
		};
		245DBA341F046C1C00CDE0C0 /* PBXTargetDependency */ = {
			isa = PBXTargetDependency;
			target = 245DBA121F046C1C00CDE0C0 /* Virtual Tourist */;
			targetProxy = 245DBA331F046C1C00CDE0C0 /* PBXContainerItemProxy */;
		};
/* End PBXTargetDependency section */

/* Begin PBXVariantGroup section */
		245DBA1F1F046C1C00CDE0C0 /* LaunchScreen.storyboard */ = {
			isa = PBXVariantGroup;
			children = (
				245DBA201F046C1C00CDE0C0 /* Base */,
			);
			name = LaunchScreen.storyboard;
			sourceTree = "<group>";
		};
/* End PBXVariantGroup section */

/* Begin XCBuildConfiguration section */
		245DBA391F046C1C00CDE0C0 /* Debug */ = {
			isa = XCBuildConfiguration;
			buildSettings = {
				ALWAYS_SEARCH_USER_PATHS = NO;
				CLANG_ANALYZER_NONNULL = YES;
				CLANG_ANALYZER_NUMBER_OBJECT_CONVERSION = YES_AGGRESSIVE;
				CLANG_CXX_LANGUAGE_STANDARD = "gnu++0x";
				CLANG_CXX_LIBRARY = "libc++";
				CLANG_ENABLE_MODULES = YES;
				CLANG_ENABLE_OBJC_ARC = YES;
				CLANG_WARN_BOOL_CONVERSION = YES;
				CLANG_WARN_CONSTANT_CONVERSION = YES;
				CLANG_WARN_DIRECT_OBJC_ISA_USAGE = YES_ERROR;
				CLANG_WARN_DOCUMENTATION_COMMENTS = YES;
				CLANG_WARN_EMPTY_BODY = YES;
				CLANG_WARN_ENUM_CONVERSION = YES;
				CLANG_WARN_INFINITE_RECURSION = YES;
				CLANG_WARN_INT_CONVERSION = YES;
				CLANG_WARN_OBJC_ROOT_CLASS = YES_ERROR;
				CLANG_WARN_SUSPICIOUS_MOVE = YES;
				CLANG_WARN_UNREACHABLE_CODE = YES;
				CLANG_WARN__DUPLICATE_METHOD_MATCH = YES;
				"CODE_SIGN_IDENTITY[sdk=iphoneos*]" = "iPhone Developer";
				COPY_PHASE_STRIP = NO;
				DEBUG_INFORMATION_FORMAT = dwarf;
				ENABLE_STRICT_OBJC_MSGSEND = YES;
				ENABLE_TESTABILITY = YES;
				GCC_C_LANGUAGE_STANDARD = gnu99;
				GCC_DYNAMIC_NO_PIC = NO;
				GCC_NO_COMMON_BLOCKS = YES;
				GCC_OPTIMIZATION_LEVEL = 0;
				GCC_PREPROCESSOR_DEFINITIONS = (
					"DEBUG=1",
					"$(inherited)",
				);
				GCC_WARN_64_TO_32_BIT_CONVERSION = YES;
				GCC_WARN_ABOUT_RETURN_TYPE = YES_ERROR;
				GCC_WARN_UNDECLARED_SELECTOR = YES;
				GCC_WARN_UNINITIALIZED_AUTOS = YES_AGGRESSIVE;
				GCC_WARN_UNUSED_FUNCTION = YES;
				GCC_WARN_UNUSED_VARIABLE = YES;
				IPHONEOS_DEPLOYMENT_TARGET = 10.3;
				MTL_ENABLE_DEBUG_INFO = YES;
				ONLY_ACTIVE_ARCH = YES;
				SDKROOT = iphoneos;
				SWIFT_ACTIVE_COMPILATION_CONDITIONS = DEBUG;
				SWIFT_OPTIMIZATION_LEVEL = "-Onone";
				TARGETED_DEVICE_FAMILY = "1,2";
			};
			name = Debug;
		};
		245DBA3A1F046C1C00CDE0C0 /* Release */ = {
			isa = XCBuildConfiguration;
			buildSettings = {
				ALWAYS_SEARCH_USER_PATHS = NO;
				CLANG_ANALYZER_NONNULL = YES;
				CLANG_ANALYZER_NUMBER_OBJECT_CONVERSION = YES_AGGRESSIVE;
				CLANG_CXX_LANGUAGE_STANDARD = "gnu++0x";
				CLANG_CXX_LIBRARY = "libc++";
				CLANG_ENABLE_MODULES = YES;
				CLANG_ENABLE_OBJC_ARC = YES;
				CLANG_WARN_BOOL_CONVERSION = YES;
				CLANG_WARN_CONSTANT_CONVERSION = YES;
				CLANG_WARN_DIRECT_OBJC_ISA_USAGE = YES_ERROR;
				CLANG_WARN_DOCUMENTATION_COMMENTS = YES;
				CLANG_WARN_EMPTY_BODY = YES;
				CLANG_WARN_ENUM_CONVERSION = YES;
				CLANG_WARN_INFINITE_RECURSION = YES;
				CLANG_WARN_INT_CONVERSION = YES;
				CLANG_WARN_OBJC_ROOT_CLASS = YES_ERROR;
				CLANG_WARN_SUSPICIOUS_MOVE = YES;
				CLANG_WARN_UNREACHABLE_CODE = YES;
				CLANG_WARN__DUPLICATE_METHOD_MATCH = YES;
				"CODE_SIGN_IDENTITY[sdk=iphoneos*]" = "iPhone Developer";
				COPY_PHASE_STRIP = NO;
				DEBUG_INFORMATION_FORMAT = "dwarf-with-dsym";
				ENABLE_NS_ASSERTIONS = NO;
				ENABLE_STRICT_OBJC_MSGSEND = YES;
				GCC_C_LANGUAGE_STANDARD = gnu99;
				GCC_NO_COMMON_BLOCKS = YES;
				GCC_WARN_64_TO_32_BIT_CONVERSION = YES;
				GCC_WARN_ABOUT_RETURN_TYPE = YES_ERROR;
				GCC_WARN_UNDECLARED_SELECTOR = YES;
				GCC_WARN_UNINITIALIZED_AUTOS = YES_AGGRESSIVE;
				GCC_WARN_UNUSED_FUNCTION = YES;
				GCC_WARN_UNUSED_VARIABLE = YES;
				IPHONEOS_DEPLOYMENT_TARGET = 10.3;
				MTL_ENABLE_DEBUG_INFO = NO;
				SDKROOT = iphoneos;
				SWIFT_OPTIMIZATION_LEVEL = "-Owholemodule";
				TARGETED_DEVICE_FAMILY = "1,2";
				VALIDATE_PRODUCT = YES;
			};
			name = Release;
		};
		245DBA3C1F046C1C00CDE0C0 /* Debug */ = {
			isa = XCBuildConfiguration;
			buildSettings = {
				ASSETCATALOG_COMPILER_APPICON_NAME = AppIcon;
				DEVELOPMENT_TEAM = Y692F89PT8;
				INFOPLIST_FILE = "Virtual Tourist/Info.plist";
				LD_RUNPATH_SEARCH_PATHS = "$(inherited) @executable_path/Frameworks";
				PRODUCT_BUNDLE_IDENTIFIER = "com.AndrewLe.Virtual-Tourist";
				PRODUCT_NAME = "$(TARGET_NAME)";
				SWIFT_VERSION = 3.0;
			};
			name = Debug;
		};
		245DBA3D1F046C1C00CDE0C0 /* Release */ = {
			isa = XCBuildConfiguration;
			buildSettings = {
				ASSETCATALOG_COMPILER_APPICON_NAME = AppIcon;
				DEVELOPMENT_TEAM = Y692F89PT8;
				INFOPLIST_FILE = "Virtual Tourist/Info.plist";
				LD_RUNPATH_SEARCH_PATHS = "$(inherited) @executable_path/Frameworks";
				PRODUCT_BUNDLE_IDENTIFIER = "com.AndrewLe.Virtual-Tourist";
				PRODUCT_NAME = "$(TARGET_NAME)";
				SWIFT_VERSION = 3.0;
			};
			name = Release;
		};
		245DBA3F1F046C1C00CDE0C0 /* Debug */ = {
			isa = XCBuildConfiguration;
			buildSettings = {
				ALWAYS_EMBED_SWIFT_STANDARD_LIBRARIES = YES;
				BUNDLE_LOADER = "$(TEST_HOST)";
				DEVELOPMENT_TEAM = Y692F89PT8;
				INFOPLIST_FILE = "Virtual TouristTests/Info.plist";
				LD_RUNPATH_SEARCH_PATHS = "$(inherited) @executable_path/Frameworks @loader_path/Frameworks";
				PRODUCT_BUNDLE_IDENTIFIER = "com.AndrewLe.Virtual-TouristTests";
				PRODUCT_NAME = "$(TARGET_NAME)";
				SWIFT_VERSION = 3.0;
				TEST_HOST = "$(BUILT_PRODUCTS_DIR)/Virtual Tourist.app/Virtual Tourist";
			};
			name = Debug;
		};
		245DBA401F046C1C00CDE0C0 /* Release */ = {
			isa = XCBuildConfiguration;
			buildSettings = {
				ALWAYS_EMBED_SWIFT_STANDARD_LIBRARIES = YES;
				BUNDLE_LOADER = "$(TEST_HOST)";
				DEVELOPMENT_TEAM = Y692F89PT8;
				INFOPLIST_FILE = "Virtual TouristTests/Info.plist";
				LD_RUNPATH_SEARCH_PATHS = "$(inherited) @executable_path/Frameworks @loader_path/Frameworks";
				PRODUCT_BUNDLE_IDENTIFIER = "com.AndrewLe.Virtual-TouristTests";
				PRODUCT_NAME = "$(TARGET_NAME)";
				SWIFT_VERSION = 3.0;
				TEST_HOST = "$(BUILT_PRODUCTS_DIR)/Virtual Tourist.app/Virtual Tourist";
			};
			name = Release;
		};
		245DBA421F046C1C00CDE0C0 /* Debug */ = {
			isa = XCBuildConfiguration;
			buildSettings = {
				ALWAYS_EMBED_SWIFT_STANDARD_LIBRARIES = YES;
				DEVELOPMENT_TEAM = Y692F89PT8;
				INFOPLIST_FILE = "Virtual TouristUITests/Info.plist";
				LD_RUNPATH_SEARCH_PATHS = "$(inherited) @executable_path/Frameworks @loader_path/Frameworks";
				PRODUCT_BUNDLE_IDENTIFIER = "com.AndrewLe.Virtual-TouristUITests";
				PRODUCT_NAME = "$(TARGET_NAME)";
				SWIFT_VERSION = 3.0;
				TEST_TARGET_NAME = "Virtual Tourist";
			};
			name = Debug;
		};
		245DBA431F046C1C00CDE0C0 /* Release */ = {
			isa = XCBuildConfiguration;
			buildSettings = {
				ALWAYS_EMBED_SWIFT_STANDARD_LIBRARIES = YES;
				DEVELOPMENT_TEAM = Y692F89PT8;
				INFOPLIST_FILE = "Virtual TouristUITests/Info.plist";
				LD_RUNPATH_SEARCH_PATHS = "$(inherited) @executable_path/Frameworks @loader_path/Frameworks";
				PRODUCT_BUNDLE_IDENTIFIER = "com.AndrewLe.Virtual-TouristUITests";
				PRODUCT_NAME = "$(TARGET_NAME)";
				SWIFT_VERSION = 3.0;
				TEST_TARGET_NAME = "Virtual Tourist";
			};
			name = Release;
		};
/* End XCBuildConfiguration section */

/* Begin XCConfigurationList section */
		245DBA0E1F046C1C00CDE0C0 /* Build configuration list for PBXProject "Virtual Tourist" */ = {
			isa = XCConfigurationList;
			buildConfigurations = (
				245DBA391F046C1C00CDE0C0 /* Debug */,
				245DBA3A1F046C1C00CDE0C0 /* Release */,
			);
			defaultConfigurationIsVisible = 0;
			defaultConfigurationName = Release;
		};
		245DBA3B1F046C1C00CDE0C0 /* Build configuration list for PBXNativeTarget "Virtual Tourist" */ = {
			isa = XCConfigurationList;
			buildConfigurations = (
				245DBA3C1F046C1C00CDE0C0 /* Debug */,
				245DBA3D1F046C1C00CDE0C0 /* Release */,
			);
			defaultConfigurationIsVisible = 0;
			defaultConfigurationName = Release;
		};
		245DBA3E1F046C1C00CDE0C0 /* Build configuration list for PBXNativeTarget "Virtual TouristTests" */ = {
			isa = XCConfigurationList;
			buildConfigurations = (
				245DBA3F1F046C1C00CDE0C0 /* Debug */,
				245DBA401F046C1C00CDE0C0 /* Release */,
			);
			defaultConfigurationIsVisible = 0;
			defaultConfigurationName = Release;
		};
		245DBA411F046C1C00CDE0C0 /* Build configuration list for PBXNativeTarget "Virtual TouristUITests" */ = {
			isa = XCConfigurationList;
			buildConfigurations = (
				245DBA421F046C1C00CDE0C0 /* Debug */,
				245DBA431F046C1C00CDE0C0 /* Release */,
			);
			defaultConfigurationIsVisible = 0;
			defaultConfigurationName = Release;
		};
/* End XCConfigurationList section */

/* Begin XCVersionGroup section */
		24617F871F097DF1001C433F /* Model.xcdatamodeld */ = {
			isa = XCVersionGroup;
			children = (
				24FF56841F15642B003C9B58 /* Model 5.xcdatamodel */,
				24FF567B1F1448D4003C9B58 /* Model 4.xcdatamodel */,
				244E6CF41F10C50500EBF55D /* Model 3.xcdatamodel */,
				24211C361F0AF8F800E3317A /* Model 2.xcdatamodel */,
				24617F881F097DF1001C433F /* Model.xcdatamodel */,
			);
			currentVersion = 24617F881F097DF1001C433F /* Model.xcdatamodel */;
			path = Model.xcdatamodeld;
			sourceTree = "<group>";
			versionGroupType = wrapper.xcdatamodel;
		};
/* End XCVersionGroup section */
	};
	rootObject = 245DBA0B1F046C1C00CDE0C0 /* Project object */;
}
