// !$*UTF8*$!
{
	archiveVersion = 1;
	classes = {
	};
	objectVersion = 46;
	objects = {

/* Begin PBXBuildFile section */
		245DBA171F046C1C00CDE0C0 /* AppDelegate.swift in Sources */ = {isa = PBXBuildFile; fileRef = 245DBA161F046C1C00CDE0C0 /* AppDelegate.swift */; };
		245DBA191F046C1C00CDE0C0 /* MapViewController.swift in Sources */ = {isa = PBXBuildFile; fileRef = 245DBA181F046C1C00CDE0C0 /* MapViewController.swift */; };
		245DBA1C1F046C1C00CDE0C0 /* Main.storyboard in Resources */ = {isa = PBXBuildFile; fileRef = 245DBA1A1F046C1C00CDE0C0 /* Main.storyboard */; };
		245DBA1E1F046C1C00CDE0C0 /* Assets.xcassets in Resources */ = {isa = PBXBuildFile; fileRef = 245DBA1D1F046C1C00CDE0C0 /* Assets.xcassets */; };
		245DBA211F046C1C00CDE0C0 /* LaunchScreen.storyboard in Resources */ = {isa = PBXBuildFile; fileRef = 245DBA1F1F046C1C00CDE0C0 /* LaunchScreen.storyboard */; };
		245DBA2C1F046C1C00CDE0C0 /* Virtual_TouristTests.swift in Sources */ = {isa = PBXBuildFile; fileRef = 245DBA2B1F046C1C00CDE0C0 /* Virtual_TouristTests.swift */; };
		245DBA371F046C1C00CDE0C0 /* Virtual_TouristUITests.swift in Sources */ = {isa = PBXBuildFile; fileRef = 245DBA361F046C1C00CDE0C0 /* Virtual_TouristUITests.swift */; };
		245DBA461F046F8E00CDE0C0 /* MapKit.framework in Frameworks */ = {isa = PBXBuildFile; fileRef = 245DBA451F046F8E00CDE0C0 /* MapKit.framework */; };
		24617F821F083514001C433F /* CollectionViewCell.swift in Sources */ = {isa = PBXBuildFile; fileRef = 24617F811F083514001C433F /* CollectionViewCell.swift */; };
		24617F841F0849C0001C433F /* ImageDetailViewController.swift in Sources */ = {isa = PBXBuildFile; fileRef = 24617F831F0849C0001C433F /* ImageDetailViewController.swift */; };
		24617F861F0979C3001C433F /* CustomPointAnnotation.swift in Sources */ = {isa = PBXBuildFile; fileRef = 24617F851F0979C3001C433F /* CustomPointAnnotation.swift */; };
		24739BF71F05E22D008F05FE /* AddAnnotationViewController.swift in Sources */ = {isa = PBXBuildFile; fileRef = 24739BF61F05E22D008F05FE /* AddAnnotationViewController.swift */; };
		24739BF91F06D1F9008F05FE /* ImagesCollectionViewController.swift in Sources */ = {isa = PBXBuildFile; fileRef = 24739BF81F06D1F9008F05FE /* ImagesCollectionViewController.swift */; };
		24739BFC1F06DD3A008F05FE /* FlickrConstant.swift in Sources */ = {isa = PBXBuildFile; fileRef = 24739BFB1F06DD3A008F05FE /* FlickrConstant.swift */; };
		24739BFE1F06E841008F05FE /* FlickrClient.swift in Sources */ = {isa = PBXBuildFile; fileRef = 24739BFD1F06E841008F05FE /* FlickrClient.swift */; };
/* End PBXBuildFile section */

/* Begin PBXContainerItemProxy section */
		245DBA281F046C1C00CDE0C0 /* PBXContainerItemProxy */ = {
			isa = PBXContainerItemProxy;
			containerPortal = 245DBA0B1F046C1C00CDE0C0 /* Project object */;
			proxyType = 1;
			remoteGlobalIDString = 245DBA121F046C1C00CDE0C0;
			remoteInfo = "Virtual Tourist";
		};
		245DBA331F046C1C00CDE0C0 /* PBXContainerItemProxy */ = {
			isa = PBXContainerItemProxy;
			containerPortal = 245DBA0B1F046C1C00CDE0C0 /* Project object */;
			proxyType = 1;
			remoteGlobalIDString = 245DBA121F046C1C00CDE0C0;
			remoteInfo = "Virtual Tourist";
		};
/* End PBXContainerItemProxy section */

/* Begin PBXFileReference section */
		245DBA131F046C1C00CDE0C0 /* Virtual Tourist.app */ = {isa = PBXFileReference; explicitFileType = wrapper.application; includeInIndex = 0; path = "Virtual Tourist.app"; sourceTree = BUILT_PRODUCTS_DIR; };
		245DBA161F046C1C00CDE0C0 /* AppDelegate.swift */ = {isa = PBXFileReference; lastKnownFileType = sourcecode.swift; path = AppDelegate.swift; sourceTree = "<group>"; };
		245DBA181F046C1C00CDE0C0 /* MapViewController.swift */ = {isa = PBXFileReference; lastKnownFileType = sourcecode.swift; path = MapViewController.swift; sourceTree = "<group>"; };
		245DBA1B1F046C1C00CDE0C0 /* Base */ = {isa = PBXFileReference; lastKnownFileType = file.storyboard; name = Base; path = Base.lproj/Main.storyboard; sourceTree = "<group>"; };
		245DBA1D1F046C1C00CDE0C0 /* Assets.xcassets */ = {isa = PBXFileReference; lastKnownFileType = folder.assetcatalog; path = Assets.xcassets; sourceTree = "<group>"; };
		245DBA201F046C1C00CDE0C0 /* Base */ = {isa = PBXFileReference; lastKnownFileType = file.storyboard; name = Base; path = Base.lproj/LaunchScreen.storyboard; sourceTree = "<group>"; };
		245DBA221F046C1C00CDE0C0 /* Info.plist */ = {isa = PBXFileReference; lastKnownFileType = text.plist.xml; path = Info.plist; sourceTree = "<group>"; };
		245DBA271F046C1C00CDE0C0 /* Virtual TouristTests.xctest */ = {isa = PBXFileReference; explicitFileType = wrapper.cfbundle; includeInIndex = 0; path = "Virtual TouristTests.xctest"; sourceTree = BUILT_PRODUCTS_DIR; };
		245DBA2B1F046C1C00CDE0C0 /* Virtual_TouristTests.swift */ = {isa = PBXFileReference; lastKnownFileType = sourcecode.swift; path = Virtual_TouristTests.swift; sourceTree = "<group>"; };
		245DBA2D1F046C1C00CDE0C0 /* Info.plist */ = {isa = PBXFileReference; lastKnownFileType = text.plist.xml; path = Info.plist; sourceTree = "<group>"; };
		245DBA321F046C1C00CDE0C0 /* Virtual TouristUITests.xctest */ = {isa = PBXFileReference; explicitFileType = wrapper.cfbundle; includeInIndex = 0; path = "Virtual TouristUITests.xctest"; sourceTree = BUILT_PRODUCTS_DIR; };
		245DBA361F046C1C00CDE0C0 /* Virtual_TouristUITests.swift */ = {isa = PBXFileReference; lastKnownFileType = sourcecode.swift; path = Virtual_TouristUITests.swift; sourceTree = "<group>"; };
		245DBA381F046C1C00CDE0C0 /* Info.plist */ = {isa = PBXFileReference; lastKnownFileType = text.plist.xml; path = Info.plist; sourceTree = "<group>"; };
		245DBA451F046F8E00CDE0C0 /* MapKit.framework */ = {isa = PBXFileReference; lastKnownFileType = wrapper.framework; name = MapKit.framework; path = System/Library/Frameworks/MapKit.framework; sourceTree = SDKROOT; };
		24617F811F083514001C433F /* CollectionViewCell.swift */ = {isa = PBXFileReference; fileEncoding = 4; lastKnownFileType = sourcecode.swift; path = CollectionViewCell.swift; sourceTree = "<group>"; };
		24617F831F0849C0001C433F /* ImageDetailViewController.swift */ = {isa = PBXFileReference; fileEncoding = 4; lastKnownFileType = sourcecode.swift; path = ImageDetailViewController.swift; sourceTree = "<group>"; };
		24617F851F0979C3001C433F /* CustomPointAnnotation.swift */ = {isa = PBXFileReference; fileEncoding = 4; lastKnownFileType = sourcecode.swift; path = CustomPointAnnotation.swift; sourceTree = "<group>"; };
		24739BF61F05E22D008F05FE /* AddAnnotationViewController.swift */ = {isa = PBXFileReference; fileEncoding = 4; lastKnownFileType = sourcecode.swift; path = AddAnnotationViewController.swift; sourceTree = "<group>"; };
		24739BF81F06D1F9008F05FE /* ImagesCollectionViewController.swift */ = {isa = PBXFileReference; fileEncoding = 4; lastKnownFileType = sourcecode.swift; path = ImagesCollectionViewController.swift; sourceTree = "<group>"; };
		24739BFB1F06DD3A008F05FE /* FlickrConstant.swift */ = {isa = PBXFileReference; fileEncoding = 4; lastKnownFileType = sourcecode.swift; path = FlickrConstant.swift; sourceTree = "<group>"; };
		24739BFD1F06E841008F05FE /* FlickrClient.swift */ = {isa = PBXFileReference; fileEncoding = 4; lastKnownFileType = sourcecode.swift; path = FlickrClient.swift; sourceTree = "<group>"; };
/* End PBXFileReference section */

/* Begin PBXFrameworksBuildPhase section */
		245DBA101F046C1C00CDE0C0 /* Frameworks */ = {
			isa = PBXFrameworksBuildPhase;
			buildActionMask = 2147483647;
			files = (
				245DBA461F046F8E00CDE0C0 /* MapKit.framework in Frameworks */,
			);
			runOnlyForDeploymentPostprocessing = 0;
		};
		245DBA241F046C1C00CDE0C0 /* Frameworks */ = {
			isa = PBXFrameworksBuildPhase;
			buildActionMask = 2147483647;
			files = (
			);
			runOnlyForDeploymentPostprocessing = 0;
		};
		245DBA2F1F046C1C00CDE0C0 /* Frameworks */ = {
			isa = PBXFrameworksBuildPhase;
			buildActionMask = 2147483647;
			files = (
			);
			runOnlyForDeploymentPostprocessing = 0;
		};
/* End PBXFrameworksBuildPhase section */

/* Begin PBXGroup section */
		24342E221F05CB9900C541DA /* Model */ = {
			isa = PBXGroup;
			children = (
				24739BFA1F06DD1F008F05FE /* Flickr */,
				24617F851F0979C3001C433F /* CustomPointAnnotation.swift */,
			);
			name = Model;
			sourceTree = "<group>";
		};
		24342E231F05CBA100C541DA /* View */ = {
			isa = PBXGroup;
			children = (
			);
			name = View;
			sourceTree = "<group>";
		};
		24342E241F05CBA800C541DA /* Controller */ = {
			isa = PBXGroup;
			children = (
				245DBA181F046C1C00CDE0C0 /* MapViewController.swift */,
				24739BF61F05E22D008F05FE /* AddAnnotationViewController.swift */,
				24739BF81F06D1F9008F05FE /* ImagesCollectionViewController.swift */,
				24617F811F083514001C433F /* CollectionViewCell.swift */,
				24617F831F0849C0001C433F /* ImageDetailViewController.swift */,
			);
			name = Controller;
			sourceTree = "<group>";
		};
		245DBA0A1F046C1C00CDE0C0 = {
			isa = PBXGroup;
			children = (
				245DBA151F046C1C00CDE0C0 /* Virtual Tourist */,
				245DBA2A1F046C1C00CDE0C0 /* Virtual TouristTests */,
				245DBA351F046C1C00CDE0C0 /* Virtual TouristUITests */,
				245DBA141F046C1C00CDE0C0 /* Products */,
				245DBA441F046F8E00CDE0C0 /* Frameworks */,
			);
			sourceTree = "<group>";
		};
		245DBA141F046C1C00CDE0C0 /* Products */ = {
			isa = PBXGroup;
			children = (
				245DBA131F046C1C00CDE0C0 /* Virtual Tourist.app */,
				245DBA271F046C1C00CDE0C0 /* Virtual TouristTests.xctest */,
				245DBA321F046C1C00CDE0C0 /* Virtual TouristUITests.xctest */,
			);
			name = Products;
			sourceTree = "<group>";
		};
		245DBA151F046C1C00CDE0C0 /* Virtual Tourist */ = {
			isa = PBXGroup;
			children = (
				245DBA161F046C1C00CDE0C0 /* AppDelegate.swift */,
				24342E221F05CB9900C541DA /* Model */,
				24342E231F05CBA100C541DA /* View */,
				24342E241F05CBA800C541DA /* Controller */,
				245DBA1A1F046C1C00CDE0C0 /* Main.storyboard */,
				245DBA1D1F046C1C00CDE0C0 /* Assets.xcassets */,
				245DBA1F1F046C1C00CDE0C0 /* LaunchScreen.storyboard */,
				245DBA221F046C1C00CDE0C0 /* Info.plist */,
			);
			path = "Virtual Tourist";
			sourceTree = "<group>";
		};
		245DBA2A1F046C1C00CDE0C0 /* Virtual TouristTests */ = {
			isa = PBXGroup;
			children = (
				245DBA2B1F046C1C00CDE0C0 /* Virtual_TouristTests.swift */,
				245DBA2D1F046C1C00CDE0C0 /* Info.plist */,
			);
			path = "Virtual TouristTests";
			sourceTree = "<group>";
		};
		245DBA351F046C1C00CDE0C0 /* Virtual TouristUITests */ = {
			isa = PBXGroup;
			children = (
				245DBA361F046C1C00CDE0C0 /* Virtual_TouristUITests.swift */,
				245DBA381F046C1C00CDE0C0 /* Info.plist */,
			);
			path = "Virtual TouristUITests";
			sourceTree = "<group>";
		};
		245DBA441F046F8E00CDE0C0 /* Frameworks */ = {
			isa = PBXGroup;
			children = (
				245DBA451F046F8E00CDE0C0 /* MapKit.framework */,
			);
			name = Frameworks;
			sourceTree = "<group>";
		};
		24739BFA1F06DD1F008F05FE /* Flickr */ = {
			isa = PBXGroup;
			children = (
				24739BFB1F06DD3A008F05FE /* FlickrConstant.swift */,
				24739BFD1F06E841008F05FE /* FlickrClient.swift */,
			);
			name = Flickr;
			sourceTree = "<group>";
		};
/* End PBXGroup section */

/* Begin PBXNativeTarget section */
		245DBA121F046C1C00CDE0C0 /* Virtual Tourist */ = {
			isa = PBXNativeTarget;
			buildConfigurationList = 245DBA3B1F046C1C00CDE0C0 /* Build configuration list for PBXNativeTarget "Virtual Tourist" */;
			buildPhases = (
				245DBA0F1F046C1C00CDE0C0 /* Sources */,
				245DBA101F046C1C00CDE0C0 /* Frameworks */,
				245DBA111F046C1C00CDE0C0 /* Resources */,
			);
			buildRules = (
			);
			dependencies = (
			);
			name = "Virtual Tourist";
			productName = "Virtual Tourist";
			productReference = 245DBA131F046C1C00CDE0C0 /* Virtual Tourist.app */;
			productType = "com.apple.product-type.application";
		};
		245DBA261F046C1C00CDE0C0 /* Virtual TouristTests */ = {
			isa = PBXNativeTarget;
			buildConfigurationList = 245DBA3E1F046C1C00CDE0C0 /* Build configuration list for PBXNativeTarget "Virtual TouristTests" */;
			buildPhases = (
				245DBA231F046C1C00CDE0C0 /* Sources */,
				245DBA241F046C1C00CDE0C0 /* Frameworks */,
				245DBA251F046C1C00CDE0C0 /* Resources */,
			);
			buildRules = (
			);
			dependencies = (
				245DBA291F046C1C00CDE0C0 /* PBXTargetDependency */,
			);
			name = "Virtual TouristTests";
			productName = "Virtual TouristTests";
			productReference = 245DBA271F046C1C00CDE0C0 /* Virtual TouristTests.xctest */;
			productType = "com.apple.product-type.bundle.unit-test";
		};
		245DBA311F046C1C00CDE0C0 /* Virtual TouristUITests */ = {
			isa = PBXNativeTarget;
			buildConfigurationList = 245DBA411F046C1C00CDE0C0 /* Build configuration list for PBXNativeTarget "Virtual TouristUITests" */;
			buildPhases = (
				245DBA2E1F046C1C00CDE0C0 /* Sources */,
				245DBA2F1F046C1C00CDE0C0 /* Frameworks */,
				245DBA301F046C1C00CDE0C0 /* Resources */,
			);
			buildRules = (
			);
			dependencies = (
				245DBA341F046C1C00CDE0C0 /* PBXTargetDependency */,
			);
			name = "Virtual TouristUITests";
			productName = "Virtual TouristUITests";
			productReference = 245DBA321F046C1C00CDE0C0 /* Virtual TouristUITests.xctest */;
			productType = "com.apple.product-type.bundle.ui-testing";
		};
/* End PBXNativeTarget section */

/* Begin PBXProject section */
		245DBA0B1F046C1C00CDE0C0 /* Project object */ = {
			isa = PBXProject;
			attributes = {
				LastSwiftUpdateCheck = 0830;
				LastUpgradeCheck = 0830;
				ORGANIZATIONNAME = "Andrew Le";
				TargetAttributes = {
					245DBA121F046C1C00CDE0C0 = {
						CreatedOnToolsVersion = 8.3.3;
						DevelopmentTeam = Y692F89PT8;
						ProvisioningStyle = Automatic;
						SystemCapabilities = {
							com.apple.Maps.iOS = {
								enabled = 1;
							};
						};
					};
					245DBA261F046C1C00CDE0C0 = {
						CreatedOnToolsVersion = 8.3.3;
						DevelopmentTeam = Y692F89PT8;
						ProvisioningStyle = Automatic;
						TestTargetID = 245DBA121F046C1C00CDE0C0;
					};
					245DBA311F046C1C00CDE0C0 = {
						CreatedOnToolsVersion = 8.3.3;
						DevelopmentTeam = Y692F89PT8;
						ProvisioningStyle = Automatic;
						TestTargetID = 245DBA121F046C1C00CDE0C0;
					};
				};
			};
			buildConfigurationList = 245DBA0E1F046C1C00CDE0C0 /* Build configuration list for PBXProject "Virtual Tourist" */;
			compatibilityVersion = "Xcode 3.2";
			developmentRegion = English;
			hasScannedForEncodings = 0;
			knownRegions = (
				en,
				Base,
			);
			mainGroup = 245DBA0A1F046C1C00CDE0C0;
			productRefGroup = 245DBA141F046C1C00CDE0C0 /* Products */;
			projectDirPath = "";
			projectRoot = "";
			targets = (
				245DBA121F046C1C00CDE0C0 /* Virtual Tourist */,
				245DBA261F046C1C00CDE0C0 /* Virtual TouristTests */,
				245DBA311F046C1C00CDE0C0 /* Virtual TouristUITests */,
			);
		};
/* End PBXProject section */

/* Begin PBXResourcesBuildPhase section */
		245DBA111F046C1C00CDE0C0 /* Resources */ = {
			isa = PBXResourcesBuildPhase;
			buildActionMask = 2147483647;
			files = (
				245DBA211F046C1C00CDE0C0 /* LaunchScreen.storyboard in Resources */,
				245DBA1E1F046C1C00CDE0C0 /* Assets.xcassets in Resources */,
				245DBA1C1F046C1C00CDE0C0 /* Main.storyboard in Resources */,
			);
			runOnlyForDeploymentPostprocessing = 0;
		};
		245DBA251F046C1C00CDE0C0 /* Resources */ = {
			isa = PBXResourcesBuildPhase;
			buildActionMask = 2147483647;
			files = (
			);
			runOnlyForDeploymentPostprocessing = 0;
		};
		245DBA301F046C1C00CDE0C0 /* Resources */ = {
			isa = PBXResourcesBuildPhase;
			buildActionMask = 2147483647;
			files = (
			);
			runOnlyForDeploymentPostprocessing = 0;
		};
/* End PBXResourcesBuildPhase section */

/* Begin PBXSourcesBuildPhase section */
		245DBA0F1F046C1C00CDE0C0 /* Sources */ = {
			isa = PBXSourcesBuildPhase;
			buildActionMask = 2147483647;
			files = (
				24739BF91F06D1F9008F05FE /* ImagesCollectionViewController.swift in Sources */,
				245DBA191F046C1C00CDE0C0 /* MapViewController.swift in Sources */,
				24739BFC1F06DD3A008F05FE /* FlickrConstant.swift in Sources */,
				24617F821F083514001C433F /* CollectionViewCell.swift in Sources */,
				245DBA171F046C1C00CDE0C0 /* AppDelegate.swift in Sources */,
				24739BF71F05E22D008F05FE /* AddAnnotationViewController.swift in Sources */,
				24739BFE1F06E841008F05FE /* FlickrClient.swift in Sources */,
				24617F861F0979C3001C433F /* CustomPointAnnotation.swift in Sources */,
				24617F841F0849C0001C433F /* ImageDetailViewController.swift in Sources */,
			);
			runOnlyForDeploymentPostprocessing = 0;
		};
		245DBA231F046C1C00CDE0C0 /* Sources */ = {
			isa = PBXSourcesBuildPhase;
			buildActionMask = 2147483647;
			files = (
				245DBA2C1F046C1C00CDE0C0 /* Virtual_TouristTests.swift in Sources */,
			);
			runOnlyForDeploymentPostprocessing = 0;
		};
		245DBA2E1F046C1C00CDE0C0 /* Sources */ = {
			isa = PBXSourcesBuildPhase;
			buildActionMask = 2147483647;
			files = (
				245DBA371F046C1C00CDE0C0 /* Virtual_TouristUITests.swift in Sources */,
			);
			runOnlyForDeploymentPostprocessing = 0;
		};
/* End PBXSourcesBuildPhase section */

/* Begin PBXTargetDependency section */
		245DBA291F046C1C00CDE0C0 /* PBXTargetDependency */ = {
			isa = PBXTargetDependency;
			target = 245DBA121F046C1C00CDE0C0 /* Virtual Tourist */;
			targetProxy = 245DBA281F046C1C00CDE0C0 /* PBXContainerItemProxy */;
		};
		245DBA341F046C1C00CDE0C0 /* PBXTargetDependency */ = {
			isa = PBXTargetDependency;
			target = 245DBA121F046C1C00CDE0C0 /* Virtual Tourist */;
			targetProxy = 245DBA331F046C1C00CDE0C0 /* PBXContainerItemProxy */;
		};
/* End PBXTargetDependency section */

/* Begin PBXVariantGroup section */
		245DBA1A1F046C1C00CDE0C0 /* Main.storyboard */ = {
			isa = PBXVariantGroup;
			children = (
				245DBA1B1F046C1C00CDE0C0 /* Base */,
			);
			name = Main.storyboard;
			sourceTree = "<group>";
		};
		245DBA1F1F046C1C00CDE0C0 /* LaunchScreen.storyboard */ = {
			isa = PBXVariantGroup;
			children = (
				245DBA201F046C1C00CDE0C0 /* Base */,
			);
			name = LaunchScreen.storyboard;
			sourceTree = "<group>";
		};
/* End PBXVariantGroup section */

/* Begin XCBuildConfiguration section */
		245DBA391F046C1C00CDE0C0 /* Debug */ = {
			isa = XCBuildConfiguration;
			buildSettings = {
				ALWAYS_SEARCH_USER_PATHS = NO;
				CLANG_ANALYZER_NONNULL = YES;
				CLANG_ANALYZER_NUMBER_OBJECT_CONVERSION = YES_AGGRESSIVE;
				CLANG_CXX_LANGUAGE_STANDARD = "gnu++0x";
				CLANG_CXX_LIBRARY = "libc++";
				CLANG_ENABLE_MODULES = YES;
				CLANG_ENABLE_OBJC_ARC = YES;
				CLANG_WARN_BOOL_CONVERSION = YES;
				CLANG_WARN_CONSTANT_CONVERSION = YES;
				CLANG_WARN_DIRECT_OBJC_ISA_USAGE = YES_ERROR;
				CLANG_WARN_DOCUMENTATION_COMMENTS = YES;
				CLANG_WARN_EMPTY_BODY = YES;
				CLANG_WARN_ENUM_CONVERSION = YES;
				CLANG_WARN_INFINITE_RECURSION = YES;
				CLANG_WARN_INT_CONVERSION = YES;
				CLANG_WARN_OBJC_ROOT_CLASS = YES_ERROR;
				CLANG_WARN_SUSPICIOUS_MOVE = YES;
				CLANG_WARN_UNREACHABLE_CODE = YES;
				CLANG_WARN__DUPLICATE_METHOD_MATCH = YES;
				"CODE_SIGN_IDENTITY[sdk=iphoneos*]" = "iPhone Developer";
				COPY_PHASE_STRIP = NO;
				DEBUG_INFORMATION_FORMAT = dwarf;
				ENABLE_STRICT_OBJC_MSGSEND = YES;
				ENABLE_TESTABILITY = YES;
				GCC_C_LANGUAGE_STANDARD = gnu99;
				GCC_DYNAMIC_NO_PIC = NO;
				GCC_NO_COMMON_BLOCKS = YES;
				GCC_OPTIMIZATION_LEVEL = 0;
				GCC_PREPROCESSOR_DEFINITIONS = (
					"DEBUG=1",
					"$(inherited)",
				);
				GCC_WARN_64_TO_32_BIT_CONVERSION = YES;
				GCC_WARN_ABOUT_RETURN_TYPE = YES_ERROR;
				GCC_WARN_UNDECLARED_SELECTOR = YES;
				GCC_WARN_UNINITIALIZED_AUTOS = YES_AGGRESSIVE;
				GCC_WARN_UNUSED_FUNCTION = YES;
				GCC_WARN_UNUSED_VARIABLE = YES;
				IPHONEOS_DEPLOYMENT_TARGET = 10.3;
				MTL_ENABLE_DEBUG_INFO = YES;
				ONLY_ACTIVE_ARCH = YES;
				SDKROOT = iphoneos;
				SWIFT_ACTIVE_COMPILATION_CONDITIONS = DEBUG;
				SWIFT_OPTIMIZATION_LEVEL = "-Onone";
				TARGETED_DEVICE_FAMILY = "1,2";
			};
			name = Debug;
		};
		245DBA3A1F046C1C00CDE0C0 /* Release */ = {
			isa = XCBuildConfiguration;
			buildSettings = {
				ALWAYS_SEARCH_USER_PATHS = NO;
				CLANG_ANALYZER_NONNULL = YES;
				CLANG_ANALYZER_NUMBER_OBJECT_CONVERSION = YES_AGGRESSIVE;
				CLANG_CXX_LANGUAGE_STANDARD = "gnu++0x";
				CLANG_CXX_LIBRARY = "libc++";
				CLANG_ENABLE_MODULES = YES;
				CLANG_ENABLE_OBJC_ARC = YES;
				CLANG_WARN_BOOL_CONVERSION = YES;
				CLANG_WARN_CONSTANT_CONVERSION = YES;
				CLANG_WARN_DIRECT_OBJC_ISA_USAGE = YES_ERROR;
				CLANG_WARN_DOCUMENTATION_COMMENTS = YES;
				CLANG_WARN_EMPTY_BODY = YES;
				CLANG_WARN_ENUM_CONVERSION = YES;
				CLANG_WARN_INFINITE_RECURSION = YES;
				CLANG_WARN_INT_CONVERSION = YES;
				CLANG_WARN_OBJC_ROOT_CLASS = YES_ERROR;
				CLANG_WARN_SUSPICIOUS_MOVE = YES;
				CLANG_WARN_UNREACHABLE_CODE = YES;
				CLANG_WARN__DUPLICATE_METHOD_MATCH = YES;
				"CODE_SIGN_IDENTITY[sdk=iphoneos*]" = "iPhone Developer";
				COPY_PHASE_STRIP = NO;
				DEBUG_INFORMATION_FORMAT = "dwarf-with-dsym";
				ENABLE_NS_ASSERTIONS = NO;
				ENABLE_STRICT_OBJC_MSGSEND = YES;
				GCC_C_LANGUAGE_STANDARD = gnu99;
				GCC_NO_COMMON_BLOCKS = YES;
				GCC_WARN_64_TO_32_BIT_CONVERSION = YES;
				GCC_WARN_ABOUT_RETURN_TYPE = YES_ERROR;
				GCC_WARN_UNDECLARED_SELECTOR = YES;
				GCC_WARN_UNINITIALIZED_AUTOS = YES_AGGRESSIVE;
				GCC_WARN_UNUSED_FUNCTION = YES;
				GCC_WARN_UNUSED_VARIABLE = YES;
				IPHONEOS_DEPLOYMENT_TARGET = 10.3;
				MTL_ENABLE_DEBUG_INFO = NO;
				SDKROOT = iphoneos;
				SWIFT_OPTIMIZATION_LEVEL = "-Owholemodule";
				TARGETED_DEVICE_FAMILY = "1,2";
				VALIDATE_PRODUCT = YES;
			};
			name = Release;
		};
		245DBA3C1F046C1C00CDE0C0 /* Debug */ = {
			isa = XCBuildConfiguration;
			buildSettings = {
				ASSETCATALOG_COMPILER_APPICON_NAME = AppIcon;
				DEVELOPMENT_TEAM = Y692F89PT8;
				INFOPLIST_FILE = "Virtual Tourist/Info.plist";
				LD_RUNPATH_SEARCH_PATHS = "$(inherited) @executable_path/Frameworks";
				PRODUCT_BUNDLE_IDENTIFIER = "com.AndrewLe.Virtual-Tourist";
				PRODUCT_NAME = "$(TARGET_NAME)";
				SWIFT_VERSION = 3.0;
			};
			name = Debug;
		};
		245DBA3D1F046C1C00CDE0C0 /* Release */ = {
			isa = XCBuildConfiguration;
			buildSettings = {
				ASSETCATALOG_COMPILER_APPICON_NAME = AppIcon;
				DEVELOPMENT_TEAM = Y692F89PT8;
				INFOPLIST_FILE = "Virtual Tourist/Info.plist";
				LD_RUNPATH_SEARCH_PATHS = "$(inherited) @executable_path/Frameworks";
				PRODUCT_BUNDLE_IDENTIFIER = "com.AndrewLe.Virtual-Tourist";
				PRODUCT_NAME = "$(TARGET_NAME)";
				SWIFT_VERSION = 3.0;
			};
			name = Release;
		};
		245DBA3F1F046C1C00CDE0C0 /* Debug */ = {
			isa = XCBuildConfiguration;
			buildSettings = {
				ALWAYS_EMBED_SWIFT_STANDARD_LIBRARIES = YES;
				BUNDLE_LOADER = "$(TEST_HOST)";
				DEVELOPMENT_TEAM = Y692F89PT8;
				INFOPLIST_FILE = "Virtual TouristTests/Info.plist";
				LD_RUNPATH_SEARCH_PATHS = "$(inherited) @executable_path/Frameworks @loader_path/Frameworks";
				PRODUCT_BUNDLE_IDENTIFIER = "com.AndrewLe.Virtual-TouristTests";
				PRODUCT_NAME = "$(TARGET_NAME)";
				SWIFT_VERSION = 3.0;
				TEST_HOST = "$(BUILT_PRODUCTS_DIR)/Virtual Tourist.app/Virtual Tourist";
			};
			name = Debug;
		};
		245DBA401F046C1C00CDE0C0 /* Release */ = {
			isa = XCBuildConfiguration;
			buildSettings = {
				ALWAYS_EMBED_SWIFT_STANDARD_LIBRARIES = YES;
				BUNDLE_LOADER = "$(TEST_HOST)";
				DEVELOPMENT_TEAM = Y692F89PT8;
				INFOPLIST_FILE = "Virtual TouristTests/Info.plist";
				LD_RUNPATH_SEARCH_PATHS = "$(inherited) @executable_path/Frameworks @loader_path/Frameworks";
				PRODUCT_BUNDLE_IDENTIFIER = "com.AndrewLe.Virtual-TouristTests";
				PRODUCT_NAME = "$(TARGET_NAME)";
				SWIFT_VERSION = 3.0;
				TEST_HOST = "$(BUILT_PRODUCTS_DIR)/Virtual Tourist.app/Virtual Tourist";
			};
			name = Release;
		};
		245DBA421F046C1C00CDE0C0 /* Debug */ = {
			isa = XCBuildConfiguration;
			buildSettings = {
				ALWAYS_EMBED_SWIFT_STANDARD_LIBRARIES = YES;
				DEVELOPMENT_TEAM = Y692F89PT8;
				INFOPLIST_FILE = "Virtual TouristUITests/Info.plist";
				LD_RUNPATH_SEARCH_PATHS = "$(inherited) @executable_path/Frameworks @loader_path/Frameworks";
				PRODUCT_BUNDLE_IDENTIFIER = "com.AndrewLe.Virtual-TouristUITests";
				PRODUCT_NAME = "$(TARGET_NAME)";
				SWIFT_VERSION = 3.0;
				TEST_TARGET_NAME = "Virtual Tourist";
			};
			name = Debug;
		};
		245DBA431F046C1C00CDE0C0 /* Release */ = {
			isa = XCBuildConfiguration;
			buildSettings = {
				ALWAYS_EMBED_SWIFT_STANDARD_LIBRARIES = YES;
				DEVELOPMENT_TEAM = Y692F89PT8;
				INFOPLIST_FILE = "Virtual TouristUITests/Info.plist";
				LD_RUNPATH_SEARCH_PATHS = "$(inherited) @executable_path/Frameworks @loader_path/Frameworks";
				PRODUCT_BUNDLE_IDENTIFIER = "com.AndrewLe.Virtual-TouristUITests";
				PRODUCT_NAME = "$(TARGET_NAME)";
				SWIFT_VERSION = 3.0;
				TEST_TARGET_NAME = "Virtual Tourist";
			};
			name = Release;
		};
/* End XCBuildConfiguration section */

/* Begin XCConfigurationList section */
		245DBA0E1F046C1C00CDE0C0 /* Build configuration list for PBXProject "Virtual Tourist" */ = {
			isa = XCConfigurationList;
			buildConfigurations = (
				245DBA391F046C1C00CDE0C0 /* Debug */,
				245DBA3A1F046C1C00CDE0C0 /* Release */,
			);
			defaultConfigurationIsVisible = 0;
			defaultConfigurationName = Release;
		};
		245DBA3B1F046C1C00CDE0C0 /* Build configuration list for PBXNativeTarget "Virtual Tourist" */ = {
			isa = XCConfigurationList;
			buildConfigurations = (
				245DBA3C1F046C1C00CDE0C0 /* Debug */,
				245DBA3D1F046C1C00CDE0C0 /* Release */,
			);
			defaultConfigurationIsVisible = 0;
			defaultConfigurationName = Release;
		};
		245DBA3E1F046C1C00CDE0C0 /* Build configuration list for PBXNativeTarget "Virtual TouristTests" */ = {
			isa = XCConfigurationList;
			buildConfigurations = (
				245DBA3F1F046C1C00CDE0C0 /* Debug */,
				245DBA401F046C1C00CDE0C0 /* Release */,
			);
			defaultConfigurationIsVisible = 0;
			defaultConfigurationName = Release;
		};
		245DBA411F046C1C00CDE0C0 /* Build configuration list for PBXNativeTarget "Virtual TouristUITests" */ = {
			isa = XCConfigurationList;
			buildConfigurations = (
				245DBA421F046C1C00CDE0C0 /* Debug */,
				245DBA431F046C1C00CDE0C0 /* Release */,
			);
			defaultConfigurationIsVisible = 0;
			defaultConfigurationName = Release;
		};
/* End XCConfigurationList section */
	};
	rootObject = 245DBA0B1F046C1C00CDE0C0 /* Project object */;
}
